{
  "version": 4,
  "terraform_version": "1.5.7",
  "serial": 72,
  "lineage": "7b0e8296-0c9a-c8fc-af97-21c3cb094ab1",
  "outputs": {},
  "resources": [
    {
      "mode": "managed",
      "type": "proxmox_virtual_environment_vm",
      "name": "kube-controller",
      "provider": "provider[\"registry.terraform.io/bpg/proxmox\"]",
      "instances": [
        {
          "schema_version": 0,
          "attributes": {
            "acpi": true,
            "agent": [
              {
                "enabled": true,
                "timeout": "15m",
                "trim": false,
                "type": "virtio"
              }
            ],
            "audio_device": [],
            "bios": "ovmf",
            "boot_order": null,
            "cdrom": [],
            "clone": [
              {
                "datastore_id": "",
                "full": true,
                "node_name": "",
                "retries": 1,
                "vm_id": 9999
              }
            ],
            "cpu": [
              {
                "architecture": "x86_64",
                "cores": 2,
                "flags": null,
                "hotplugged": 0,
                "numa": true,
                "sockets": 1,
                "type": "host",
                "units": 1024
              }
            ],
            "description": null,
            "disk": [
              {
                "cache": "none",
                "datastore_id": "local-lvm",
                "discard": "",
                "file_format": "raw",
                "file_id": "",
                "interface": "scsi0",
                "iothread": false,
                "path_in_datastore": "vm-100-disk-0",
                "size": 3,
                "speed": [],
                "ssd": false
              },
              {
                "cache": "none",
                "datastore_id": "local-lvm",
                "discard": "",
                "file_format": "raw",
                "file_id": "",
                "interface": "virtio0",
                "iothread": true,
                "path_in_datastore": "vm-100-disk-1",
                "size": 50,
                "speed": [],
                "ssd": false
              }
            ],
            "efi_disk": [
              {
                "datastore_id": "local-lvm",
                "file_format": "raw",
                "pre_enrolled_keys": false,
                "type": "4m"
              }
            ],
            "hostpci": [],
            "id": "100",
            "initialization": [
              {
                "datastore_id": "",
                "dns": [],
                "interface": "",
                "ip_config": [
                  {
                    "ipv4": [
                      {
                        "address": "192.168.0.210/24",
                        "gateway": "192.168.0.1"
                      }
                    ],
                    "ipv6": []
                  }
                ],
                "meta_data_file_id": "",
                "network_data_file_id": "",
                "type": "",
                "user_account": [
                  {
                    "keys": [
                      "ssh-rsa AAAAB3NzaC1yc2EAAAADAQABAAABAQCf0GqoG7mUkVDguSHd76lVNb4zJs1iE2/8DHvjPfncQnXss/W7DGFNVATB4WZb4D2u79KXvWGynuwyOWuXhi2o2pKi9BZH6+T/TZozNPhsU1U0opWACSDbzcFS0ztw/yLi9TOBMrWOvEYnoebFfY/vilKmjWIPqxkgQNmi/lwjJklQ8KNcijFEeQw0F8SHj+9B6yLwGCINOpBBteM2eogUOmZ1y36eVJRxQ8WS3vI6BcC8Hx4DFdwFrLPCPpn/yes/OjKJsZzZLBqwgxhrmUMkCdbj2FKIhgY3nGxmk4n8rIUAzqCmtU8VatVEXu9UsLg8ZyknFLF5ewMN6y0ee1Yn root@pve"
                    ],
                    "password": "**********",
                    "username": "tendon"
                  }
                ],
                "user_data_file_id": "",
                "vendor_data_file_id": ""
              }
            ],
            "ipv4_addresses": [
              [
                "127.0.0.1"
              ],
              [
                "192.168.0.210"
              ]
            ],
            "ipv6_addresses": [
              [
                "::1"
              ],
              [
                "fe80::be24:11ff:fef8:276b"
              ]
            ],
            "keyboard_layout": "en-us",
            "kvm_arguments": null,
            "mac_addresses": [
              "00:00:00:00:00:00",
              "BC:24:11:F8:27:6B"
            ],
            "machine": "",
            "memory": [
              {
                "dedicated": 4096,
                "floating": 0,
                "shared": 0
              }
            ],
            "migrate": false,
            "name": "kube-controller",
            "network_device": [
              {
                "bridge": "vmbr0",
                "enabled": true,
                "firewall": false,
                "mac_address": "BC:24:11:F8:27:6B",
                "model": "virtio",
                "mtu": 0,
                "queues": 0,
                "rate_limit": 0,
                "vlan_id": 0
              }
            ],
            "network_interface_names": [
              "lo",
              "eth0"
            ],
            "node_name": "pve",
            "on_boot": true,
            "operating_system": [
              {
                "type": "l26"
              }
            ],
            "pool_id": null,
            "reboot": false,
            "scsi_hardware": "virtio-scsi-pci",
            "serial_device": [],
            "smbios": [],
            "started": true,
            "startup": [],
            "tablet_device": true,
            "tags": null,
            "template": false,
            "timeout_clone": 1800,
            "timeout_create": 1800,
            "timeout_migrate": 1800,
            "timeout_move_disk": 1800,
            "timeout_reboot": 1800,
            "timeout_shutdown_vm": 1800,
            "timeout_start_vm": 1800,
            "timeout_stop_vm": 300,
            "usb": [],
            "vga": [],
            "vm_id": 100
          },
          "sensitive_attributes": [],
          "private": "bnVsbA=="
        }
      ]
    },
    {
      "mode": "managed",
      "type": "proxmox_virtual_environment_vm",
      "name": "kube-worker",
      "provider": "provider[\"registry.terraform.io/bpg/proxmox\"]",
      "instances": [
        {
          "schema_version": 0,
          "attributes": {
            "acpi": true,
            "agent": [
              {
                "enabled": true,
                "timeout": "15m",
                "trim": false,
                "type": "virtio"
              }
            ],
            "audio_device": [],
            "bios": "ovmf",
            "boot_order": null,
            "cdrom": [],
            "clone": [
              {
                "datastore_id": "",
                "full": true,
                "node_name": "",
                "retries": 1,
                "vm_id": 9999
              }
            ],
            "cpu": [
              {
                "architecture": "x86_64",
                "cores": 32,
                "flags": null,
                "hotplugged": 0,
                "numa": true,
                "sockets": 1,
                "type": "host",
                "units": 1024
              }
            ],
            "description": null,
            "disk": [
              {
                "cache": "none",
                "datastore_id": "local-lvm",
                "discard": "",
                "file_format": "raw",
                "file_id": "",
                "interface": "scsi0",
                "iothread": false,
                "path_in_datastore": "vm-101-disk-0",
                "size": 3,
                "speed": [],
                "ssd": false
              },
              {
                "cache": "none",
                "datastore_id": "local-lvm",
                "discard": "",
                "file_format": "raw",
                "file_id": "",
                "interface": "virtio0",
                "iothread": true,
                "path_in_datastore": "vm-101-disk-1",
                "size": 50,
                "speed": [],
                "ssd": false
              },
              {
                "cache": "none",
                "datastore_id": "sda",
                "discard": "on",
                "file_format": "raw",
                "file_id": "",
                "interface": "virtio1",
                "iothread": true,
                "path_in_datastore": "101/vm-101-disk-0.raw",
                "size": 200,
                "speed": [],
                "ssd": false
              },
              {
                "cache": "none",
                "datastore_id": "sdb",
                "discard": "on",
                "file_format": "raw",
                "file_id": "",
                "interface": "virtio2",
                "iothread": true,
                "path_in_datastore": "101/vm-101-disk-0.raw",
                "size": 200,
                "speed": [],
                "ssd": false
              },
              {
                "cache": "none",
                "datastore_id": "sdc",
                "discard": "on",
                "file_format": "raw",
                "file_id": "",
                "interface": "virtio3",
                "iothread": true,
                "path_in_datastore": "101/vm-101-disk-0.raw",
                "size": 200,
                "speed": [],
                "ssd": false
              }
            ],
            "efi_disk": [
              {
                "datastore_id": "local-lvm",
                "file_format": "raw",
                "pre_enrolled_keys": false,
                "type": "4m"
              }
            ],
            "hostpci": [],
            "id": "101",
            "initialization": [
              {
                "datastore_id": "",
                "dns": [],
                "interface": "",
                "ip_config": [
                  {
                    "ipv4": [
                      {
                        "address": "192.168.0.211/24",
                        "gateway": "192.168.0.1"
                      }
                    ],
                    "ipv6": []
                  }
                ],
                "meta_data_file_id": "",
                "network_data_file_id": "",
                "type": "",
                "user_account": [
                  {
                    "keys": [
                      "ssh-rsa AAAAB3NzaC1yc2EAAAADAQABAAABAQCf0GqoG7mUkVDguSHd76lVNb4zJs1iE2/8DHvjPfncQnXss/W7DGFNVATB4WZb4D2u79KXvWGynuwyOWuXhi2o2pKi9BZH6+T/TZozNPhsU1U0opWACSDbzcFS0ztw/yLi9TOBMrWOvEYnoebFfY/vilKmjWIPqxkgQNmi/lwjJklQ8KNcijFEeQw0F8SHj+9B6yLwGCINOpBBteM2eogUOmZ1y36eVJRxQ8WS3vI6BcC8Hx4DFdwFrLPCPpn/yes/OjKJsZzZLBqwgxhrmUMkCdbj2FKIhgY3nGxmk4n8rIUAzqCmtU8VatVEXu9UsLg8ZyknFLF5ewMN6y0ee1Yn root@pve"
                    ],
                    "password": "**********",
                    "username": "tendon"
                  }
                ],
                "user_data_file_id": "",
                "vendor_data_file_id": ""
              }
            ],
            "ipv4_addresses": [
              [
                "127.0.0.1"
              ],
              [
                "192.168.0.211"
              ]
            ],
            "ipv6_addresses": [
              [
                "::1"
              ],
              [
                "fe80::be24:11ff:fe03:f76"
              ]
            ],
            "keyboard_layout": "en-us",
            "kvm_arguments": null,
            "mac_addresses": [
              "00:00:00:00:00:00",
              "BC:24:11:03:0F:76"
            ],
            "machine": "",
            "memory": [
              {
                "dedicated": 65536,
                "floating": 0,
                "shared": 0
              }
            ],
            "migrate": false,
            "name": "kube-worker",
            "network_device": [
              {
                "bridge": "vmbr0",
                "enabled": true,
                "firewall": false,
                "mac_address": "BC:24:11:03:0F:76",
                "model": "virtio",
                "mtu": 0,
                "queues": 0,
                "rate_limit": 0,
                "vlan_id": 0
              }
            ],
            "network_interface_names": [
              "lo",
              "eth0"
            ],
            "node_name": "pve",
            "on_boot": true,
            "operating_system": [
              {
                "type": "l26"
              }
            ],
            "pool_id": null,
            "reboot": false,
            "scsi_hardware": "virtio-scsi-pci",
            "serial_device": [],
            "smbios": [],
            "started": true,
            "startup": [],
            "tablet_device": true,
            "tags": null,
            "template": false,
            "timeout_clone": 1800,
            "timeout_create": 1800,
            "timeout_migrate": 1800,
            "timeout_move_disk": 1800,
            "timeout_reboot": 1800,
            "timeout_shutdown_vm": 1800,
            "timeout_start_vm": 1800,
            "timeout_stop_vm": 300,
            "usb": [],
            "vga": [],
            "vm_id": 101
          },
          "sensitive_attributes": [],
          "private": "bnVsbA==",
          "dependencies": [
            "proxmox_virtual_environment_vm.kube-controller"
          ]
        }
      ]
    }
  ],
  "check_results": null
}
